// !$*UTF8*$!
{
	archiveVersion = 1;
	classes = {
	};
	objectVersion = 46;
	objects = {

/* Begin PBXBuildFile section */
		919D0AB61E11053C0005A5F6 /* EventKit.framework in Frameworks */ = {isa = PBXBuildFile; fileRef = 919D0AB51E11053C0005A5F6 /* EventKit.framework */; };
		919D0ABA1E1112A00005A5F6 /* NSString+MD5.m in Sources */ = {isa = PBXBuildFile; fileRef = 919D0AB91E11129F0005A5F6 /* NSString+MD5.m */; };
		91D400041DAA1ECA0046455C /* submit_btn_minus@2x.png in Resources */ = {isa = PBXBuildFile; fileRef = 91D400001DAA1ECA0046455C /* submit_btn_minus@2x.png */; };
		91D400051DAA1ECA0046455C /* submit_btn_minus@3x.png in Resources */ = {isa = PBXBuildFile; fileRef = 91D400011DAA1ECA0046455C /* submit_btn_minus@3x.png */; };
		91D400061DAA1ECA0046455C /* submit_btn_plus@2x.png in Resources */ = {isa = PBXBuildFile; fileRef = 91D400021DAA1ECA0046455C /* submit_btn_plus@2x.png */; };
		91D400071DAA1ECA0046455C /* submit_btn_plus@3x.png in Resources */ = {isa = PBXBuildFile; fileRef = 91D400031DAA1ECA0046455C /* submit_btn_plus@3x.png */; };
		91D4FFB91DA8C1D70046455C /* main.m in Sources */ = {isa = PBXBuildFile; fileRef = 91D4FFB81DA8C1D70046455C /* main.m */; };
		91D4FFBC1DA8C1D70046455C /* AppDelegate.m in Sources */ = {isa = PBXBuildFile; fileRef = 91D4FFBB1DA8C1D70046455C /* AppDelegate.m */; };
		91D4FFC41DA8C1D70046455C /* Assets.xcassets in Resources */ = {isa = PBXBuildFile; fileRef = 91D4FFC31DA8C1D70046455C /* Assets.xcassets */; };
		91D4FFC71DA8C1D70046455C /* LaunchScreen.storyboard in Resources */ = {isa = PBXBuildFile; fileRef = 91D4FFC51DA8C1D70046455C /* LaunchScreen.storyboard */; };
		91D4FFD61DA8C6EC0046455C /* Logo58.png in Resources */ = {isa = PBXBuildFile; fileRef = 91D4FFD11DA8C6EC0046455C /* Logo58.png */; };
		91D4FFD71DA8C6EC0046455C /* Logo80.png in Resources */ = {isa = PBXBuildFile; fileRef = 91D4FFD21DA8C6EC0046455C /* Logo80.png */; };
		91D4FFD81DA8C6EC0046455C /* Logo87.png in Resources */ = {isa = PBXBuildFile; fileRef = 91D4FFD31DA8C6EC0046455C /* Logo87.png */; };
		91D4FFD91DA8C6EC0046455C /* Logo120.png in Resources */ = {isa = PBXBuildFile; fileRef = 91D4FFD41DA8C6EC0046455C /* Logo120.png */; };
		91D4FFDA1DA8C6EC0046455C /* Logo180.png in Resources */ = {isa = PBXBuildFile; fileRef = 91D4FFD51DA8C6EC0046455C /* Logo180.png */; };
		91D4FFDD1DA8C8B10046455C /* BaseNavigationController.m in Sources */ = {isa = PBXBuildFile; fileRef = 91D4FFDC1DA8C8B10046455C /* BaseNavigationController.m */; };
		91D4FFE51DA8CB690046455C /* HomeViewController.m in Sources */ = {isa = PBXBuildFile; fileRef = 91D4FFE41DA8CB690046455C /* HomeViewController.m */; };
		91D4FFE91DA8D1E70046455C /* DayModel.m in Sources */ = {isa = PBXBuildFile; fileRef = 91D4FFE81DA8D1E70046455C /* DayModel.m */; };
		91D4FFEE1DA8D3D10046455C /* NSDate+convenience.m in Sources */ = {isa = PBXBuildFile; fileRef = 91D4FFED1DA8D3D10046455C /* NSDate+convenience.m */; };
		91D4FFF21DA8D4500046455C /* UIUtils.m in Sources */ = {isa = PBXBuildFile; fileRef = 91D4FFF11DA8D4500046455C /* UIUtils.m */; };
		91D4FFFB1DA8DC720046455C /* UIViewExt.m in Sources */ = {isa = PBXBuildFile; fileRef = 91D4FFF91DA8DC720046455C /* UIViewExt.m */; };
		91D4FFFE1DAA1A960046455C /* home_icon_flane@2x.png in Resources */ = {isa = PBXBuildFile; fileRef = 91D4FFFC1DAA1A960046455C /* home_icon_flane@2x.png */; };
		91D4FFFF1DAA1A960046455C /* home_icon_flane@3x.png in Resources */ = {isa = PBXBuildFile; fileRef = 91D4FFFD1DAA1A960046455C /* home_icon_flane@3x.png */; };
/* End PBXBuildFile section */

/* Begin PBXFileReference section */
		919D0AB51E11053C0005A5F6 /* EventKit.framework */ = {isa = PBXFileReference; lastKnownFileType = wrapper.framework; name = EventKit.framework; path = System/Library/Frameworks/EventKit.framework; sourceTree = SDKROOT; };
		919D0AB81E11129F0005A5F6 /* NSString+MD5.h */ = {isa = PBXFileReference; fileEncoding = 4; lastKnownFileType = sourcecode.c.h; path = "NSString+MD5.h"; sourceTree = "<group>"; };
		919D0AB91E11129F0005A5F6 /* NSString+MD5.m */ = {isa = PBXFileReference; fileEncoding = 4; lastKnownFileType = sourcecode.c.objc; path = "NSString+MD5.m"; sourceTree = "<group>"; };
		91D400001DAA1ECA0046455C /* submit_btn_minus@2x.png */ = {isa = PBXFileReference; lastKnownFileType = image.png; path = "submit_btn_minus@2x.png"; sourceTree = "<group>"; };
		91D400011DAA1ECA0046455C /* submit_btn_minus@3x.png */ = {isa = PBXFileReference; lastKnownFileType = image.png; path = "submit_btn_minus@3x.png"; sourceTree = "<group>"; };
		91D400021DAA1ECA0046455C /* submit_btn_plus@2x.png */ = {isa = PBXFileReference; lastKnownFileType = image.png; path = "submit_btn_plus@2x.png"; sourceTree = "<group>"; };
		91D400031DAA1ECA0046455C /* submit_btn_plus@3x.png */ = {isa = PBXFileReference; lastKnownFileType = image.png; path = "submit_btn_plus@3x.png"; sourceTree = "<group>"; };
		91D4FFB41DA8C1D70046455C /* IrewestTool.app */ = {isa = PBXFileReference; explicitFileType = wrapper.application; includeInIndex = 0; path = IrewestTool.app; sourceTree = BUILT_PRODUCTS_DIR; };
		91D4FFB81DA8C1D70046455C /* main.m */ = {isa = PBXFileReference; lastKnownFileType = sourcecode.c.objc; path = main.m; sourceTree = "<group>"; };
		91D4FFBA1DA8C1D70046455C /* AppDelegate.h */ = {isa = PBXFileReference; lastKnownFileType = sourcecode.c.h; path = AppDelegate.h; sourceTree = "<group>"; };
		91D4FFBB1DA8C1D70046455C /* AppDelegate.m */ = {isa = PBXFileReference; lastKnownFileType = sourcecode.c.objc; path = AppDelegate.m; sourceTree = "<group>"; };
		91D4FFC31DA8C1D70046455C /* Assets.xcassets */ = {isa = PBXFileReference; lastKnownFileType = folder.assetcatalog; path = Assets.xcassets; sourceTree = "<group>"; };
		91D4FFC61DA8C1D70046455C /* Base */ = {isa = PBXFileReference; lastKnownFileType = file.storyboard; name = Base; path = Base.lproj/LaunchScreen.storyboard; sourceTree = "<group>"; };
		91D4FFC81DA8C1D70046455C /* Info.plist */ = {isa = PBXFileReference; lastKnownFileType = text.plist.xml; path = Info.plist; sourceTree = "<group>"; };
		91D4FFD11DA8C6EC0046455C /* Logo58.png */ = {isa = PBXFileReference; lastKnownFileType = image.png; path = Logo58.png; sourceTree = "<group>"; };
		91D4FFD21DA8C6EC0046455C /* Logo80.png */ = {isa = PBXFileReference; lastKnownFileType = image.png; path = Logo80.png; sourceTree = "<group>"; };
		91D4FFD31DA8C6EC0046455C /* Logo87.png */ = {isa = PBXFileReference; lastKnownFileType = image.png; path = Logo87.png; sourceTree = "<group>"; };
		91D4FFD41DA8C6EC0046455C /* Logo120.png */ = {isa = PBXFileReference; lastKnownFileType = image.png; path = Logo120.png; sourceTree = "<group>"; };
		91D4FFD51DA8C6EC0046455C /* Logo180.png */ = {isa = PBXFileReference; lastKnownFileType = image.png; path = Logo180.png; sourceTree = "<group>"; };
		91D4FFDB1DA8C8B10046455C /* BaseNavigationController.h */ = {isa = PBXFileReference; fileEncoding = 4; lastKnownFileType = sourcecode.c.h; path = BaseNavigationController.h; sourceTree = "<group>"; };
		91D4FFDC1DA8C8B10046455C /* BaseNavigationController.m */ = {isa = PBXFileReference; fileEncoding = 4; lastKnownFileType = sourcecode.c.objc; path = BaseNavigationController.m; sourceTree = "<group>"; };
		91D4FFE31DA8CB690046455C /* HomeViewController.h */ = {isa = PBXFileReference; fileEncoding = 4; lastKnownFileType = sourcecode.c.h; path = HomeViewController.h; sourceTree = "<group>"; };
		91D4FFE41DA8CB690046455C /* HomeViewController.m */ = {isa = PBXFileReference; fileEncoding = 4; lastKnownFileType = sourcecode.c.objc; path = HomeViewController.m; sourceTree = "<group>"; };
		91D4FFE71DA8D1E70046455C /* DayModel.h */ = {isa = PBXFileReference; fileEncoding = 4; lastKnownFileType = sourcecode.c.h; path = DayModel.h; sourceTree = "<group>"; };
		91D4FFE81DA8D1E70046455C /* DayModel.m */ = {isa = PBXFileReference; fileEncoding = 4; lastKnownFileType = sourcecode.c.objc; path = DayModel.m; sourceTree = "<group>"; };
		91D4FFEC1DA8D3D10046455C /* NSDate+convenience.h */ = {isa = PBXFileReference; fileEncoding = 4; lastKnownFileType = sourcecode.c.h; path = "NSDate+convenience.h"; sourceTree = "<group>"; };
		91D4FFED1DA8D3D10046455C /* NSDate+convenience.m */ = {isa = PBXFileReference; fileEncoding = 4; lastKnownFileType = sourcecode.c.objc; path = "NSDate+convenience.m"; sourceTree = "<group>"; };
		91D4FFF01DA8D4500046455C /* UIUtils.h */ = {isa = PBXFileReference; fileEncoding = 4; lastKnownFileType = sourcecode.c.h; path = UIUtils.h; sourceTree = "<group>"; };
		91D4FFF11DA8D4500046455C /* UIUtils.m */ = {isa = PBXFileReference; fileEncoding = 4; lastKnownFileType = sourcecode.c.objc; path = UIUtils.m; sourceTree = "<group>"; };
		91D4FFF31DA8D67A0046455C /* Defines.h */ = {isa = PBXFileReference; lastKnownFileType = sourcecode.c.h; path = Defines.h; sourceTree = "<group>"; };
		91D4FFF81DA8DC720046455C /* UIViewExt.h */ = {isa = PBXFileReference; fileEncoding = 4; lastKnownFileType = sourcecode.c.h; path = UIViewExt.h; sourceTree = "<group>"; };
		91D4FFF91DA8DC720046455C /* UIViewExt.m */ = {isa = PBXFileReference; fileEncoding = 4; lastKnownFileType = sourcecode.c.objc; path = UIViewExt.m; sourceTree = "<group>"; };
		91D4FFFC1DAA1A960046455C /* home_icon_flane@2x.png */ = {isa = PBXFileReference; lastKnownFileType = image.png; path = "home_icon_flane@2x.png"; sourceTree = "<group>"; };
		91D4FFFD1DAA1A960046455C /* home_icon_flane@3x.png */ = {isa = PBXFileReference; lastKnownFileType = image.png; path = "home_icon_flane@3x.png"; sourceTree = "<group>"; };
/* End PBXFileReference section */

/* Begin PBXFrameworksBuildPhase section */
		91D4FFB11DA8C1D70046455C /* Frameworks */ = {
			isa = PBXFrameworksBuildPhase;
			buildActionMask = 2147483647;
			files = (
				919D0AB61E11053C0005A5F6 /* EventKit.framework in Frameworks */,
			);
			runOnlyForDeploymentPostprocessing = 0;
		};
/* End PBXFrameworksBuildPhase section */

/* Begin PBXGroup section */
		919D0AB41E11053C0005A5F6 /* Frameworks */ = {
			isa = PBXGroup;
			children = (
				919D0AB51E11053C0005A5F6 /* EventKit.framework */,
			);
			name = Frameworks;
			sourceTree = "<group>";
		};
		919D0AB71E1111680005A5F6 /* NSString+MD5 */ = {
			isa = PBXGroup;
			children = (
				919D0AB81E11129F0005A5F6 /* NSString+MD5.h */,
				919D0AB91E11129F0005A5F6 /* NSString+MD5.m */,
			);
			path = "NSString+MD5";
			sourceTree = "<group>";
		};
		91D4FFAB1DA8C1D70046455C = {
			isa = PBXGroup;
			children = (
				91D4FFB61DA8C1D70046455C /* IreTool */,
				91D4FFB51DA8C1D70046455C /* Products */,
				919D0AB41E11053C0005A5F6 /* Frameworks */,
			);
			sourceTree = "<group>";
		};
		91D4FFB51DA8C1D70046455C /* Products */ = {
			isa = PBXGroup;
			children = (
				91D4FFB41DA8C1D70046455C /* IrewestTool.app */,
			);
			name = Products;
			sourceTree = "<group>";
		};
		91D4FFB61DA8C1D70046455C /* IreTool */ = {
			isa = PBXGroup;
			children = (
				91D4FFBA1DA8C1D70046455C /* AppDelegate.h */,
				91D4FFBB1DA8C1D70046455C /* AppDelegate.m */,
				91D4FFE61DA8D1CD0046455C /* Model */,
				91D4FFE21DA8C8FF0046455C /* Base */,
				91D4FFE11DA8C8F40046455C /* ViewController */,
				91D4FFC31DA8C1D70046455C /* Assets.xcassets */,
				91D4FFC51DA8C1D70046455C /* LaunchScreen.storyboard */,
				91D4FFC81DA8C1D70046455C /* Info.plist */,
				91D4FFB71DA8C1D70046455C /* Supporting Files */,
			);
			path = IreTool;
			sourceTree = "<group>";
		};
		91D4FFB71DA8C1D70046455C /* Supporting Files */ = {
			isa = PBXGroup;
			children = (
				91D4FFF41DA8DC720046455C /* UIViewExt */,
				91D4FFEF1DA8D4500046455C /* UIUtils */,
				91D4FFEA1DA8D3C20046455C /* Category */,
				91D4FFCF1DA8C6A70046455C /* Images */,
				91D4FFB81DA8C1D70046455C /* main.m */,
			);
			name = "Supporting Files";
			sourceTree = "<group>";
		};
		91D4FFCF1DA8C6A70046455C /* Images */ = {
			isa = PBXGroup;
			children = (
				91D400001DAA1ECA0046455C /* submit_btn_minus@2x.png */,
				91D400011DAA1ECA0046455C /* submit_btn_minus@3x.png */,
				91D400021DAA1ECA0046455C /* submit_btn_plus@2x.png */,
				91D400031DAA1ECA0046455C /* submit_btn_plus@3x.png */,
				91D4FFFC1DAA1A960046455C /* home_icon_flane@2x.png */,
				91D4FFFD1DAA1A960046455C /* home_icon_flane@3x.png */,
				91D4FFD01DA8C6E30046455C /* Logo */,
			);
			path = Images;
			sourceTree = "<group>";
		};
		91D4FFD01DA8C6E30046455C /* Logo */ = {
			isa = PBXGroup;
			children = (
				91D4FFD11DA8C6EC0046455C /* Logo58.png */,
				91D4FFD21DA8C6EC0046455C /* Logo80.png */,
				91D4FFD31DA8C6EC0046455C /* Logo87.png */,
				91D4FFD41DA8C6EC0046455C /* Logo120.png */,
				91D4FFD51DA8C6EC0046455C /* Logo180.png */,
			);
			name = Logo;
			sourceTree = "<group>";
		};
		91D4FFE11DA8C8F40046455C /* ViewController */ = {
			isa = PBXGroup;
			children = (
				91D4FFE31DA8CB690046455C /* HomeViewController.h */,
				91D4FFE41DA8CB690046455C /* HomeViewController.m */,
			);
			name = ViewController;
			sourceTree = "<group>";
		};
		91D4FFE21DA8C8FF0046455C /* Base */ = {
			isa = PBXGroup;
			children = (
				91D4FFDB1DA8C8B10046455C /* BaseNavigationController.h */,
				91D4FFDC1DA8C8B10046455C /* BaseNavigationController.m */,
				91D4FFF31DA8D67A0046455C /* Defines.h */,
			);
			name = Base;
			sourceTree = "<group>";
		};
		91D4FFE61DA8D1CD0046455C /* Model */ = {
			isa = PBXGroup;
			children = (
				91D4FFE71DA8D1E70046455C /* DayModel.h */,
				91D4FFE81DA8D1E70046455C /* DayModel.m */,
			);
			name = Model;
			sourceTree = "<group>";
		};
		91D4FFEA1DA8D3C20046455C /* Category */ = {
			isa = PBXGroup;
			children = (
				919D0AB71E1111680005A5F6 /* NSString+MD5 */,
				91D4FFEB1DA8D3D10046455C /* Calendar */,
			);
			name = Category;
			sourceTree = "<group>";
		};
		91D4FFEB1DA8D3D10046455C /* Calendar */ = {
			isa = PBXGroup;
			children = (
				91D4FFEC1DA8D3D10046455C /* NSDate+convenience.h */,
				91D4FFED1DA8D3D10046455C /* NSDate+convenience.m */,
			);
			path = Calendar;
			sourceTree = "<group>";
		};
		91D4FFEF1DA8D4500046455C /* UIUtils */ = {
			isa = PBXGroup;
			children = (
				91D4FFF01DA8D4500046455C /* UIUtils.h */,
				91D4FFF11DA8D4500046455C /* UIUtils.m */,
			);
			path = UIUtils;
			sourceTree = "<group>";
		};
		91D4FFF41DA8DC720046455C /* UIViewExt */ = {
			isa = PBXGroup;
			children = (
				91D4FFF81DA8DC720046455C /* UIViewExt.h */,
				91D4FFF91DA8DC720046455C /* UIViewExt.m */,
			);
			path = UIViewExt;
			sourceTree = "<group>";
		};
/* End PBXGroup section */

/* Begin PBXNativeTarget section */
		91D4FFB31DA8C1D70046455C /* IrewestTool */ = {
			isa = PBXNativeTarget;
			buildConfigurationList = 91D4FFCB1DA8C1D70046455C /* Build configuration list for PBXNativeTarget "IrewestTool" */;
			buildPhases = (
				91D4FFB01DA8C1D70046455C /* Sources */,
				91D4FFB11DA8C1D70046455C /* Frameworks */,
				91D4FFB21DA8C1D70046455C /* Resources */,
			);
			buildRules = (
			);
			dependencies = (
			);
			name = IrewestTool;
			productName = IreTool;
			productReference = 91D4FFB41DA8C1D70046455C /* IrewestTool.app */;
			productType = "com.apple.product-type.application";
		};
/* End PBXNativeTarget section */

/* Begin PBXProject section */
		91D4FFAC1DA8C1D70046455C /* Project object */ = {
			isa = PBXProject;
			attributes = {
				LastUpgradeCheck = 0800;
				ORGANIZATIONNAME = IreWesT;
				TargetAttributes = {
					91D4FFB31DA8C1D70046455C = {
						CreatedOnToolsVersion = 8.0;
						DevelopmentTeam = U39HM55PYU;
						ProvisioningStyle = Automatic;
					};
				};
			};
			buildConfigurationList = 91D4FFAF1DA8C1D70046455C /* Build configuration list for PBXProject "IrewestTool" */;
			compatibilityVersion = "Xcode 3.2";
			developmentRegion = English;
			hasScannedForEncodings = 0;
			knownRegions = (
				en,
				Base,
			);
			mainGroup = 91D4FFAB1DA8C1D70046455C;
			productRefGroup = 91D4FFB51DA8C1D70046455C /* Products */;
			projectDirPath = "";
			projectRoot = "";
			targets = (
				91D4FFB31DA8C1D70046455C /* IrewestTool */,
			);
		};
/* End PBXProject section */

/* Begin PBXResourcesBuildPhase section */
		91D4FFB21DA8C1D70046455C /* Resources */ = {
			isa = PBXResourcesBuildPhase;
			buildActionMask = 2147483647;
			files = (
				91D4FFDA1DA8C6EC0046455C /* Logo180.png in Resources */,
				91D4FFFE1DAA1A960046455C /* home_icon_flane@2x.png in Resources */,
				91D4FFC71DA8C1D70046455C /* LaunchScreen.storyboard in Resources */,
				91D400071DAA1ECA0046455C /* submit_btn_plus@3x.png in Resources */,
				91D4FFD71DA8C6EC0046455C /* Logo80.png in Resources */,
				91D4FFC41DA8C1D70046455C /* Assets.xcassets in Resources */,
				91D400061DAA1ECA0046455C /* submit_btn_plus@2x.png in Resources */,
				91D4FFD81DA8C6EC0046455C /* Logo87.png in Resources */,
				91D4FFFF1DAA1A960046455C /* home_icon_flane@3x.png in Resources */,
				91D4FFD91DA8C6EC0046455C /* Logo120.png in Resources */,
				91D400051DAA1ECA0046455C /* submit_btn_minus@3x.png in Resources */,
				91D400041DAA1ECA0046455C /* submit_btn_minus@2x.png in Resources */,
				91D4FFD61DA8C6EC0046455C /* Logo58.png in Resources */,
			);
			runOnlyForDeploymentPostprocessing = 0;
		};
/* End PBXResourcesBuildPhase section */

/* Begin PBXSourcesBuildPhase section */
		91D4FFB01DA8C1D70046455C /* Sources */ = {
			isa = PBXSourcesBuildPhase;
			buildActionMask = 2147483647;
			files = (
				91D4FFDD1DA8C8B10046455C /* BaseNavigationController.m in Sources */,
				91D4FFE91DA8D1E70046455C /* DayModel.m in Sources */,
				91D4FFEE1DA8D3D10046455C /* NSDate+convenience.m in Sources */,
				919D0ABA1E1112A00005A5F6 /* NSString+MD5.m in Sources */,
				91D4FFBC1DA8C1D70046455C /* AppDelegate.m in Sources */,
				91D4FFFB1DA8DC720046455C /* UIViewExt.m in Sources */,
				91D4FFF21DA8D4500046455C /* UIUtils.m in Sources */,
				91D4FFB91DA8C1D70046455C /* main.m in Sources */,
				91D4FFE51DA8CB690046455C /* HomeViewController.m in Sources */,
			);
			runOnlyForDeploymentPostprocessing = 0;
		};
/* End PBXSourcesBuildPhase section */

/* Begin PBXVariantGroup section */
		91D4FFC51DA8C1D70046455C /* LaunchScreen.storyboard */ = {
			isa = PBXVariantGroup;
			children = (
				91D4FFC61DA8C1D70046455C /* Base */,
			);
			name = LaunchScreen.storyboard;
			sourceTree = "<group>";
		};
/* End PBXVariantGroup section */

/* Begin XCBuildConfiguration section */
		91D4FFC91DA8C1D70046455C /* Debug */ = {
			isa = XCBuildConfiguration;
			buildSettings = {
				ALWAYS_SEARCH_USER_PATHS = NO;
				CLANG_ANALYZER_NONNULL = YES;
				CLANG_CXX_LANGUAGE_STANDARD = "gnu++0x";
				CLANG_CXX_LIBRARY = "libc++";
				CLANG_ENABLE_MODULES = YES;
				CLANG_ENABLE_OBJC_ARC = YES;
				CLANG_WARN_BOOL_CONVERSION = YES;
				CLANG_WARN_CONSTANT_CONVERSION = YES;
				CLANG_WARN_DIRECT_OBJC_ISA_USAGE = YES_ERROR;
				CLANG_WARN_DOCUMENTATION_COMMENTS = YES;
				CLANG_WARN_EMPTY_BODY = YES;
				CLANG_WARN_ENUM_CONVERSION = YES;
				CLANG_WARN_INFINITE_RECURSION = YES;
				CLANG_WARN_INT_CONVERSION = YES;
				CLANG_WARN_OBJC_ROOT_CLASS = YES_ERROR;
				CLANG_WARN_SUSPICIOUS_MOVES = YES;
				CLANG_WARN_UNREACHABLE_CODE = YES;
				CLANG_WARN__DUPLICATE_METHOD_MATCH = YES;
				"CODE_SIGN_IDENTITY[sdk=iphoneos*]" = "iPhone Developer";
				COPY_PHASE_STRIP = NO;
				DEBUG_INFORMATION_FORMAT = dwarf;
				ENABLE_STRICT_OBJC_MSGSEND = YES;
				ENABLE_TESTABILITY = YES;
				GCC_C_LANGUAGE_STANDARD = gnu99;
				GCC_DYNAMIC_NO_PIC = NO;
				GCC_NO_COMMON_BLOCKS = YES;
				GCC_OPTIMIZATION_LEVEL = 0;
				GCC_PREPROCESSOR_DEFINITIONS = (
					"DEBUG=1",
					"$(inherited)",
				);
				GCC_WARN_64_TO_32_BIT_CONVERSION = YES;
				GCC_WARN_ABOUT_RETURN_TYPE = YES_ERROR;
				GCC_WARN_UNDECLARED_SELECTOR = YES;
				GCC_WARN_UNINITIALIZED_AUTOS = YES_AGGRESSIVE;
				GCC_WARN_UNUSED_FUNCTION = YES;
				GCC_WARN_UNUSED_VARIABLE = YES;
				IPHONEOS_DEPLOYMENT_TARGET = 10.0;
				MTL_ENABLE_DEBUG_INFO = YES;
				ONLY_ACTIVE_ARCH = YES;
				SDKROOT = iphoneos;
			};
			name = Debug;
		};
		91D4FFCA1DA8C1D70046455C /* Release */ = {
			isa = XCBuildConfiguration;
			buildSettings = {
				ALWAYS_SEARCH_USER_PATHS = NO;
				CLANG_ANALYZER_NONNULL = YES;
				CLANG_CXX_LANGUAGE_STANDARD = "gnu++0x";
				CLANG_CXX_LIBRARY = "libc++";
				CLANG_ENABLE_MODULES = YES;
				CLANG_ENABLE_OBJC_ARC = YES;
				CLANG_WARN_BOOL_CONVERSION = YES;
				CLANG_WARN_CONSTANT_CONVERSION = YES;
				CLANG_WARN_DIRECT_OBJC_ISA_USAGE = YES_ERROR;
				CLANG_WARN_DOCUMENTATION_COMMENTS = YES;
				CLANG_WARN_EMPTY_BODY = YES;
				CLANG_WARN_ENUM_CONVERSION = YES;
				CLANG_WARN_INFINITE_RECURSION = YES;
				CLANG_WARN_INT_CONVERSION = YES;
				CLANG_WARN_OBJC_ROOT_CLASS = YES_ERROR;
				CLANG_WARN_SUSPICIOUS_MOVES = YES;
				CLANG_WARN_UNREACHABLE_CODE = YES;
				CLANG_WARN__DUPLICATE_METHOD_MATCH = YES;
				"CODE_SIGN_IDENTITY[sdk=iphoneos*]" = "iPhone Developer";
				COPY_PHASE_STRIP = NO;
				DEBUG_INFORMATION_FORMAT = "dwarf-with-dsym";
				ENABLE_NS_ASSERTIONS = NO;
				ENABLE_STRICT_OBJC_MSGSEND = YES;
				GCC_C_LANGUAGE_STANDARD = gnu99;
				GCC_NO_COMMON_BLOCKS = YES;
				GCC_WARN_64_TO_32_BIT_CONVERSION = YES;
				GCC_WARN_ABOUT_RETURN_TYPE = YES_ERROR;
				GCC_WARN_UNDECLARED_SELECTOR = YES;
				GCC_WARN_UNINITIALIZED_AUTOS = YES_AGGRESSIVE;
				GCC_WARN_UNUSED_FUNCTION = YES;
				GCC_WARN_UNUSED_VARIABLE = YES;
				IPHONEOS_DEPLOYMENT_TARGET = 10.0;
				MTL_ENABLE_DEBUG_INFO = NO;
				SDKROOT = iphoneos;
				VALIDATE_PRODUCT = YES;
			};
			name = Release;
		};
		91D4FFCC1DA8C1D70046455C /* Debug */ = {
			isa = XCBuildConfiguration;
			buildSettings = {
				ASSETCATALOG_COMPILER_APPICON_NAME = AppIcon;
				"CODE_SIGN_IDENTITY[sdk=iphoneos*]" = "iPhone Developer";
				DEVELOPMENT_TEAM = U39HM55PYU;
				INFOPLIST_FILE = IreTool/Info.plist;
				IPHONEOS_DEPLOYMENT_TARGET = 9.0;
				LD_RUNPATH_SEARCH_PATHS = "$(inherited) @executable_path/Frameworks";
				PRODUCT_BUNDLE_IDENTIFIER = com.irewest.IrewestTool;
				PRODUCT_NAME = "$(TARGET_NAME)";
			};
			name = Debug;
		};
		91D4FFCD1DA8C1D70046455C /* Release */ = {
			isa = XCBuildConfiguration;
			buildSettings = {
				ASSETCATALOG_COMPILER_APPICON_NAME = AppIcon;
				"CODE_SIGN_IDENTITY[sdk=iphoneos*]" = "iPhone Developer";
				DEVELOPMENT_TEAM = U39HM55PYU;
				INFOPLIST_FILE = IreTool/Info.plist;
				IPHONEOS_DEPLOYMENT_TARGET = 9.0;
				LD_RUNPATH_SEARCH_PATHS = "$(inherited) @executable_path/Frameworks";
				PRODUCT_BUNDLE_IDENTIFIER = com.irewest.IrewestTool;
				PRODUCT_NAME = "$(TARGET_NAME)";
			};
			name = Release;
		};
/* End XCBuildConfiguration section */

/* Begin XCConfigurationList section */
		91D4FFAF1DA8C1D70046455C /* Build configuration list for PBXProject "IrewestTool" */ = {
			isa = XCConfigurationList;
			buildConfigurations = (
				91D4FFC91DA8C1D70046455C /* Debug */,
				91D4FFCA1DA8C1D70046455C /* Release */,
			);
			defaultConfigurationIsVisible = 0;
			defaultConfigurationName = Release;
		};
		91D4FFCB1DA8C1D70046455C /* Build configuration list for PBXNativeTarget "IrewestTool" */ = {
			isa = XCConfigurationList;
			buildConfigurations = (
				91D4FFCC1DA8C1D70046455C /* Debug */,
				91D4FFCD1DA8C1D70046455C /* Release */,
			);
			defaultConfigurationIsVisible = 0;
			defaultConfigurationName = Release;
		};
/* End XCConfigurationList section */
	};
	rootObject = 91D4FFAC1DA8C1D70046455C /* Project object */;
}
